
Microsoft Visual Studio Solution File, Format Version 12.00
# Visual Studio Version 17
VisualStudioVersion = 17.5.002.0
MinimumVisualStudioVersion = 10.0.40219.1
Project("{9A19103F-16F7-4668-BE54-9A1E7A4F7556}") = "SeleniumTests", "SeleniumTests\SeleniumTests.csproj", "{50114794-2500-4873-B7C3-0A33DA9A73EE}"
EndProject
Global
	GlobalSection(SolutionConfigurationPlatforms) = preSolution
		Debug|Any CPU = Debug|Any CPU
		Release|Any CPU = Release|Any CPU
	EndGlobalSection
	GlobalSection(ProjectConfigurationPlatforms) = postSolution
		{50114794-2500-4873-B7C3-0A33DA9A73EE}.Debug|Any CPU.ActiveCfg = Debug|Any CPU
		{50114794-2500-4873-B7C3-0A33DA9A73EE}.Debug|Any CPU.Build.0 = Debug|Any CPU
		{50114794-2500-4873-B7C3-0A33DA9A73EE}.Release|Any CPU.ActiveCfg = Release|Any CPU
		{50114794-2500-4873-B7C3-0A33DA9A73EE}.Release|Any CPU.Build.0 = Release|Any CPU
	EndGlobalSection
	GlobalSection(SolutionProperties) = preSolution
		HideSolutionNode = FALSE
	EndGlobalSection
	GlobalSection(ExtensibilityGlobals) = postSolution
		SolutionGuid = {7984DDD4-9F4F-4408-BF94-D6CBFCCFE653}
	EndGlobalSection
EndGlobal
